hash: 77691a9c5511280fb4d53bff573ddcd22ba567596385483335235f8b46732d90
updated: 2019-01-24T12:32:13.817844463+02:00
imports:
- name: github.com/Syfaro/telegram-bot-api
  version: 5781187bc20cbb9910ba867eafe318479be119b6
- name: github.com/technoweenie/multipartstreamer
  version: a90a01d73ae432e2611d178c18367fbaa13e0154
testImports: []
